
Microsoft Visual Studio Solution File, Format Version 12.00
# Visual Studio Version 17
VisualStudioVersion = 17.2.32505.173
MinimumVisualStudioVersion = 10.0.40219.1
Project("{FAE04EC0-301F-11D3-BF4B-00C04F79EFBC}") = "WordleGame", "WordleGame\WordleGame.csproj", "{BCC24BE5-D49A-4D73-BB70-4C11DC6C499D}"
EndProject
Global
	GlobalSection(SolutionConfigurationPlatforms) = preSolution
		Debug|Any CPU = Debug|Any CPU
		Release|Any CPU = Release|Any CPU
	EndGlobalSection
	GlobalSection(ProjectConfigurationPlatforms) = postSolution
		{BCC24BE5-D49A-4D73-BB70-4C11DC6C499D}.Debug|Any CPU.ActiveCfg = Debug|Any CPU
		{BCC24BE5-D49A-4D73-BB70-4C11DC6C499D}.Debug|Any CPU.Build.0 = Debug|Any CPU
		{BCC24BE5-D49A-4D73-BB70-4C11DC6C499D}.Release|Any CPU.ActiveCfg = Release|Any CPU
		{BCC24BE5-D49A-4D73-BB70-4C11DC6C499D}.Release|Any CPU.Build.0 = Release|Any CPU
	EndGlobalSection
	GlobalSection(SolutionProperties) = preSolution
		HideSolutionNode = FALSE
	EndGlobalSection
	GlobalSection(ExtensibilityGlobals) = postSolution
		SolutionGuid = {051EC458-440F-44BC-9E4F-85B810D52E7E}
	EndGlobalSection
EndGlobal
